
Microsoft Visual Studio Solution File, Format Version 12.00
# Visual Studio Version 17
VisualStudioVersion = 17.0.32002.185
MinimumVisualStudioVersion = 10.0.40219.1
Project("{9A19103F-16F7-4668-BE54-9A1E7A4F7556}") = "honooru", "honooru\honooru.csproj", "{7F1A419E-E497-4EE0-9603-209F8F08E050}"
EndProject
Project("{2150E333-8FDC-42A3-9474-1A3956D46DE8}") = "Solution Items", "Solution Items", "{7D56F646-AC23-46AA-903D-56C885F22B41}"
	ProjectSection(SolutionItems) = preProject
		.editorconfig = .editorconfig
		README.md = README.md
	EndProjectSection
EndProject
Project("{9A19103F-16F7-4668-BE54-9A1E7A4F7556}") = "honooru.Tests", "honooru.Tests\honooru.Tests.csproj", "{B3F0D56B-9B3A-4953-9C81-A93919A6A65B}"
EndProject
Global
	GlobalSection(SolutionConfigurationPlatforms) = preSolution
		Debug|Any CPU = Debug|Any CPU
		Debug|x64 = Debug|x64
		Debug|x86 = Debug|x86
		Release|Any CPU = Release|Any CPU
		Release|x64 = Release|x64
		Release|x86 = Release|x86
	EndGlobalSection
	GlobalSection(ProjectConfigurationPlatforms) = postSolution
		{7F1A419E-E497-4EE0-9603-209F8F08E050}.Debug|Any CPU.ActiveCfg = Debug|Any CPU
		{7F1A419E-E497-4EE0-9603-209F8F08E050}.Debug|Any CPU.Build.0 = Debug|Any CPU
		{7F1A419E-E497-4EE0-9603-209F8F08E050}.Debug|x64.ActiveCfg = Debug|Any CPU
		{7F1A419E-E497-4EE0-9603-209F8F08E050}.Debug|x64.Build.0 = Debug|Any CPU
		{7F1A419E-E497-4EE0-9603-209F8F08E050}.Debug|x86.ActiveCfg = Debug|Any CPU
		{7F1A419E-E497-4EE0-9603-209F8F08E050}.Debug|x86.Build.0 = Debug|Any CPU
		{7F1A419E-E497-4EE0-9603-209F8F08E050}.Release|Any CPU.ActiveCfg = Release|Any CPU
		{7F1A419E-E497-4EE0-9603-209F8F08E050}.Release|Any CPU.Build.0 = Release|Any CPU
		{7F1A419E-E497-4EE0-9603-209F8F08E050}.Release|x64.ActiveCfg = Release|Any CPU
		{7F1A419E-E497-4EE0-9603-209F8F08E050}.Release|x64.Build.0 = Release|Any CPU
		{7F1A419E-E497-4EE0-9603-209F8F08E050}.Release|x86.ActiveCfg = Release|Any CPU
		{7F1A419E-E497-4EE0-9603-209F8F08E050}.Release|x86.Build.0 = Release|Any CPU
		{B3F0D56B-9B3A-4953-9C81-A93919A6A65B}.Debug|Any CPU.ActiveCfg = Debug|Any CPU
		{B3F0D56B-9B3A-4953-9C81-A93919A6A65B}.Debug|Any CPU.Build.0 = Debug|Any CPU
		{B3F0D56B-9B3A-4953-9C81-A93919A6A65B}.Debug|x64.ActiveCfg = Debug|Any CPU
		{B3F0D56B-9B3A-4953-9C81-A93919A6A65B}.Debug|x64.Build.0 = Debug|Any CPU
		{B3F0D56B-9B3A-4953-9C81-A93919A6A65B}.Debug|x86.ActiveCfg = Debug|Any CPU
		{B3F0D56B-9B3A-4953-9C81-A93919A6A65B}.Debug|x86.Build.0 = Debug|Any CPU
		{B3F0D56B-9B3A-4953-9C81-A93919A6A65B}.Release|Any CPU.ActiveCfg = Release|Any CPU
		{B3F0D56B-9B3A-4953-9C81-A93919A6A65B}.Release|Any CPU.Build.0 = Release|Any CPU
		{B3F0D56B-9B3A-4953-9C81-A93919A6A65B}.Release|x64.ActiveCfg = Release|Any CPU
		{B3F0D56B-9B3A-4953-9C81-A93919A6A65B}.Release|x64.Build.0 = Release|Any CPU
		{B3F0D56B-9B3A-4953-9C81-A93919A6A65B}.Release|x86.ActiveCfg = Release|Any CPU
		{B3F0D56B-9B3A-4953-9C81-A93919A6A65B}.Release|x86.Build.0 = Release|Any CPU
	EndGlobalSection
	GlobalSection(SolutionProperties) = preSolution
		HideSolutionNode = FALSE
	EndGlobalSection
	GlobalSection(ExtensibilityGlobals) = postSolution
		SolutionGuid = {9B4D2EDF-D1A3-4DD9-9CB8-34DFC59BAE16}
	EndGlobalSection
EndGlobal
